// !$*UTF8*$!
{
	archiveVersion = 1;
	classes = {
	};
	objectVersion = 50;
	objects = {

/* Begin PBXBuildFile section */
		C413748D25BD2ACF0093FAD7 /* AppDelegate.swift in Sources */ = {isa = PBXBuildFile; fileRef = C413748C25BD2ACF0093FAD7 /* AppDelegate.swift */; };
		C413748F25BD2ACF0093FAD7 /* SceneDelegate.swift in Sources */ = {isa = PBXBuildFile; fileRef = C413748E25BD2ACF0093FAD7 /* SceneDelegate.swift */; };
		C413749125BD2ACF0093FAD7 /* ViewController.swift in Sources */ = {isa = PBXBuildFile; fileRef = C413749025BD2ACF0093FAD7 /* ViewController.swift */; };
		C413749425BD2ACF0093FAD7 /* Main.storyboard in Resources */ = {isa = PBXBuildFile; fileRef = C413749225BD2ACF0093FAD7 /* Main.storyboard */; };
		C413749625BD2AD60093FAD7 /* Assets.xcassets in Resources */ = {isa = PBXBuildFile; fileRef = C413749525BD2AD60093FAD7 /* Assets.xcassets */; };
		C413749925BD2AD60093FAD7 /* LaunchScreen.storyboard in Resources */ = {isa = PBXBuildFile; fileRef = C413749725BD2AD60093FAD7 /* LaunchScreen.storyboard */; };
		C41374A425BD2AD80093FAD7 /* PreworkTests.swift in Sources */ = {isa = PBXBuildFile; fileRef = C41374A325BD2AD80093FAD7 /* PreworkTests.swift */; };
		C41374AF25BD2AD80093FAD7 /* PreworkUITests.swift in Sources */ = {isa = PBXBuildFile; fileRef = C41374AE25BD2AD80093FAD7 /* PreworkUITests.swift */; };
/* End PBXBuildFile section */

/* Begin PBXContainerItemProxy section */
		C41374A025BD2AD80093FAD7 /* PBXContainerItemProxy */ = {
			isa = PBXContainerItemProxy;
			containerPortal = C413748125BD2ACF0093FAD7 /* Project object */;
			proxyType = 1;
			remoteGlobalIDString = C413748825BD2ACF0093FAD7;
			remoteInfo = Prework;
		};
		C41374AB25BD2AD80093FAD7 /* PBXContainerItemProxy */ = {
			isa = PBXContainerItemProxy;
			containerPortal = C413748125BD2ACF0093FAD7 /* Project object */;
			proxyType = 1;
			remoteGlobalIDString = C413748825BD2ACF0093FAD7;
			remoteInfo = Prework;
		};
/* End PBXContainerItemProxy section */

/* Begin PBXFileReference section */
		C413748925BD2ACF0093FAD7 /* Prework.app */ = {isa = PBXFileReference; explicitFileType = wrapper.application; includeInIndex = 0; path = Prework.app; sourceTree = BUILT_PRODUCTS_DIR; };
		C413748C25BD2ACF0093FAD7 /* AppDelegate.swift */ = {isa = PBXFileReference; lastKnownFileType = sourcecode.swift; path = AppDelegate.swift; sourceTree = "<group>"; };
		C413748E25BD2ACF0093FAD7 /* SceneDelegate.swift */ = {isa = PBXFileReference; lastKnownFileType = sourcecode.swift; path = SceneDelegate.swift; sourceTree = "<group>"; };
		C413749025BD2ACF0093FAD7 /* ViewController.swift */ = {isa = PBXFileReference; lastKnownFileType = sourcecode.swift; path = ViewController.swift; sourceTree = "<group>"; };
		C413749325BD2ACF0093FAD7 /* Base */ = {isa = PBXFileReference; lastKnownFileType = file.storyboard; name = Base; path = Base.lproj/Main.storyboard; sourceTree = "<group>"; };
		C413749525BD2AD60093FAD7 /* Assets.xcassets */ = {isa = PBXFileReference; lastKnownFileType = folder.assetcatalog; path = Assets.xcassets; sourceTree = "<group>"; };
		C413749825BD2AD60093FAD7 /* Base */ = {isa = PBXFileReference; lastKnownFileType = file.storyboard; name = Base; path = Base.lproj/LaunchScreen.storyboard; sourceTree = "<group>"; };
		C413749A25BD2AD60093FAD7 /* Info.plist */ = {isa = PBXFileReference; lastKnownFileType = text.plist.xml; path = Info.plist; sourceTree = "<group>"; };
		C413749F25BD2AD80093FAD7 /* PreworkTests.xctest */ = {isa = PBXFileReference; explicitFileType = wrapper.cfbundle; includeInIndex = 0; path = PreworkTests.xctest; sourceTree = BUILT_PRODUCTS_DIR; };
		C41374A325BD2AD80093FAD7 /* PreworkTests.swift */ = {isa = PBXFileReference; lastKnownFileType = sourcecode.swift; path = PreworkTests.swift; sourceTree = "<group>"; };
		C41374A525BD2AD80093FAD7 /* Info.plist */ = {isa = PBXFileReference; lastKnownFileType = text.plist.xml; path = Info.plist; sourceTree = "<group>"; };
		C41374AA25BD2AD80093FAD7 /* PreworkUITests.xctest */ = {isa = PBXFileReference; explicitFileType = wrapper.cfbundle; includeInIndex = 0; path = PreworkUITests.xctest; sourceTree = BUILT_PRODUCTS_DIR; };
		C41374AE25BD2AD80093FAD7 /* PreworkUITests.swift */ = {isa = PBXFileReference; lastKnownFileType = sourcecode.swift; path = PreworkUITests.swift; sourceTree = "<group>"; };
		C41374B025BD2AD80093FAD7 /* Info.plist */ = {isa = PBXFileReference; lastKnownFileType = text.plist.xml; path = Info.plist; sourceTree = "<group>"; };
/* End PBXFileReference section */

/* Begin PBXFrameworksBuildPhase section */
		C413748625BD2ACF0093FAD7 /* Frameworks */ = {
			isa = PBXFrameworksBuildPhase;
			buildActionMask = 2147483647;
			files = (
			);
			runOnlyForDeploymentPostprocessing = 0;
		};
		C413749C25BD2AD80093FAD7 /* Frameworks */ = {
			isa = PBXFrameworksBuildPhase;
			buildActionMask = 2147483647;
			files = (
			);
			runOnlyForDeploymentPostprocessing = 0;
		};
		C41374A725BD2AD80093FAD7 /* Frameworks */ = {
			isa = PBXFrameworksBuildPhase;
			buildActionMask = 2147483647;
			files = (
			);
			runOnlyForDeploymentPostprocessing = 0;
		};
/* End PBXFrameworksBuildPhase section */

/* Begin PBXGroup section */
		C413748025BD2ACF0093FAD7 = {
			isa = PBXGroup;
			children = (
				C413748B25BD2ACF0093FAD7 /* Prework */,
				C41374A225BD2AD80093FAD7 /* PreworkTests */,
				C41374AD25BD2AD80093FAD7 /* PreworkUITests */,
				C413748A25BD2ACF0093FAD7 /* Products */,
			);
			sourceTree = "<group>";
		};
		C413748A25BD2ACF0093FAD7 /* Products */ = {
			isa = PBXGroup;
			children = (
				C413748925BD2ACF0093FAD7 /* Prework.app */,
				C413749F25BD2AD80093FAD7 /* PreworkTests.xctest */,
				C41374AA25BD2AD80093FAD7 /* PreworkUITests.xctest */,
			);
			name = Products;
			sourceTree = "<group>";
		};
		C413748B25BD2ACF0093FAD7 /* Prework */ = {
			isa = PBXGroup;
			children = (
				C413748C25BD2ACF0093FAD7 /* AppDelegate.swift */,
				C413748E25BD2ACF0093FAD7 /* SceneDelegate.swift */,
				C413749025BD2ACF0093FAD7 /* ViewController.swift */,
				C413749225BD2ACF0093FAD7 /* Main.storyboard */,
				C413749525BD2AD60093FAD7 /* Assets.xcassets */,
				C413749725BD2AD60093FAD7 /* LaunchScreen.storyboard */,
				C413749A25BD2AD60093FAD7 /* Info.plist */,
			);
			path = Prework;
			sourceTree = "<group>";
		};
		C41374A225BD2AD80093FAD7 /* PreworkTests */ = {
			isa = PBXGroup;
			children = (
				C41374A325BD2AD80093FAD7 /* PreworkTests.swift */,
				C41374A525BD2AD80093FAD7 /* Info.plist */,
			);
			path = PreworkTests;
			sourceTree = "<group>";
		};
		C41374AD25BD2AD80093FAD7 /* PreworkUITests */ = {
			isa = PBXGroup;
			children = (
				C41374AE25BD2AD80093FAD7 /* PreworkUITests.swift */,
				C41374B025BD2AD80093FAD7 /* Info.plist */,
			);
			path = PreworkUITests;
			sourceTree = "<group>";
		};
/* End PBXGroup section */

/* Begin PBXNativeTarget section */
		C413748825BD2ACF0093FAD7 /* Prework */ = {
			isa = PBXNativeTarget;
			buildConfigurationList = C41374B325BD2AD80093FAD7 /* Build configuration list for PBXNativeTarget "Prework" */;
			buildPhases = (
				C413748525BD2ACF0093FAD7 /* Sources */,
				C413748625BD2ACF0093FAD7 /* Frameworks */,
				C413748725BD2ACF0093FAD7 /* Resources */,
			);
			buildRules = (
			);
			dependencies = (
			);
			name = Prework;
			productName = Prework;
			productReference = C413748925BD2ACF0093FAD7 /* Prework.app */;
			productType = "com.apple.product-type.application";
		};
		C413749E25BD2AD80093FAD7 /* PreworkTests */ = {
			isa = PBXNativeTarget;
			buildConfigurationList = C41374B625BD2AD80093FAD7 /* Build configuration list for PBXNativeTarget "PreworkTests" */;
			buildPhases = (
				C413749B25BD2AD80093FAD7 /* Sources */,
				C413749C25BD2AD80093FAD7 /* Frameworks */,
				C413749D25BD2AD80093FAD7 /* Resources */,
			);
			buildRules = (
			);
			dependencies = (
				C41374A125BD2AD80093FAD7 /* PBXTargetDependency */,
			);
			name = PreworkTests;
			productName = PreworkTests;
			productReference = C413749F25BD2AD80093FAD7 /* PreworkTests.xctest */;
			productType = "com.apple.product-type.bundle.unit-test";
		};
		C41374A925BD2AD80093FAD7 /* PreworkUITests */ = {
			isa = PBXNativeTarget;
			buildConfigurationList = C41374B925BD2AD80093FAD7 /* Build configuration list for PBXNativeTarget "PreworkUITests" */;
			buildPhases = (
				C41374A625BD2AD80093FAD7 /* Sources */,
				C41374A725BD2AD80093FAD7 /* Frameworks */,
				C41374A825BD2AD80093FAD7 /* Resources */,
			);
			buildRules = (
			);
			dependencies = (
				C41374AC25BD2AD80093FAD7 /* PBXTargetDependency */,
			);
			name = PreworkUITests;
			productName = PreworkUITests;
			productReference = C41374AA25BD2AD80093FAD7 /* PreworkUITests.xctest */;
			productType = "com.apple.product-type.bundle.ui-testing";
		};
/* End PBXNativeTarget section */

/* Begin PBXProject section */
		C413748125BD2ACF0093FAD7 /* Project object */ = {
			isa = PBXProject;
			attributes = {
				LastSwiftUpdateCheck = 1230;
				LastUpgradeCheck = 1230;
				TargetAttributes = {
					C413748825BD2ACF0093FAD7 = {
						CreatedOnToolsVersion = 12.3;
					};
					C413749E25BD2AD80093FAD7 = {
						CreatedOnToolsVersion = 12.3;
						TestTargetID = C413748825BD2ACF0093FAD7;
					};
					C41374A925BD2AD80093FAD7 = {
						CreatedOnToolsVersion = 12.3;
						TestTargetID = C413748825BD2ACF0093FAD7;
					};
				};
			};
			buildConfigurationList = C413748425BD2ACF0093FAD7 /* Build configuration list for PBXProject "Prework" */;
			compatibilityVersion = "Xcode 9.3";
			developmentRegion = en;
			hasScannedForEncodings = 0;
			knownRegions = (
				en,
				Base,
			);
			mainGroup = C413748025BD2ACF0093FAD7;
			productRefGroup = C413748A25BD2ACF0093FAD7 /* Products */;
			projectDirPath = "";
			projectRoot = "";
			targets = (
				C413748825BD2ACF0093FAD7 /* Prework */,
				C413749E25BD2AD80093FAD7 /* PreworkTests */,
				C41374A925BD2AD80093FAD7 /* PreworkUITests */,
			);
		};
/* End PBXProject section */

/* Begin PBXResourcesBuildPhase section */
		C413748725BD2ACF0093FAD7 /* Resources */ = {
			isa = PBXResourcesBuildPhase;
			buildActionMask = 2147483647;
			files = (
				C413749925BD2AD60093FAD7 /* LaunchScreen.storyboard in Resources */,
				C413749625BD2AD60093FAD7 /* Assets.xcassets in Resources */,
				C413749425BD2ACF0093FAD7 /* Main.storyboard in Resources */,
			);
			runOnlyForDeploymentPostprocessing = 0;
		};
		C413749D25BD2AD80093FAD7 /* Resources */ = {
			isa = PBXResourcesBuildPhase;
			buildActionMask = 2147483647;
			files = (
			);
			runOnlyForDeploymentPostprocessing = 0;
		};
		C41374A825BD2AD80093FAD7 /* Resources */ = {
			isa = PBXResourcesBuildPhase;
			buildActionMask = 2147483647;
			files = (
			);
			runOnlyForDeploymentPostprocessing = 0;
		};
/* End PBXResourcesBuildPhase section */

/* Begin PBXSourcesBuildPhase section */
		C413748525BD2ACF0093FAD7 /* Sources */ = {
			isa = PBXSourcesBuildPhase;
			buildActionMask = 2147483647;
			files = (
				C413749125BD2ACF0093FAD7 /* ViewController.swift in Sources */,
				C413748D25BD2ACF0093FAD7 /* AppDelegate.swift in Sources */,
				C413748F25BD2ACF0093FAD7 /* SceneDelegate.swift in Sources */,
			);
			runOnlyForDeploymentPostprocessing = 0;
		};
		C413749B25BD2AD80093FAD7 /* Sources */ = {
			isa = PBXSourcesBuildPhase;
			buildActionMask = 2147483647;
			files = (
				C41374A425BD2AD80093FAD7 /* PreworkTests.swift in Sources */,
			);
			runOnlyForDeploymentPostprocessing = 0;
		};
		C41374A625BD2AD80093FAD7 /* Sources */ = {
			isa = PBXSourcesBuildPhase;
			buildActionMask = 2147483647;
			files = (
				C41374AF25BD2AD80093FAD7 /* PreworkUITests.swift in Sources */,
			);
			runOnlyForDeploymentPostprocessing = 0;
		};
/* End PBXSourcesBuildPhase section */

/* Begin PBXTargetDependency section */
		C41374A125BD2AD80093FAD7 /* PBXTargetDependency */ = {
			isa = PBXTargetDependency;
			target = C413748825BD2ACF0093FAD7 /* Prework */;
			targetProxy = C41374A025BD2AD80093FAD7 /* PBXContainerItemProxy */;
		};
		C41374AC25BD2AD80093FAD7 /* PBXTargetDependency */ = {
			isa = PBXTargetDependency;
			target = C413748825BD2ACF0093FAD7 /* Prework */;
			targetProxy = C41374AB25BD2AD80093FAD7 /* PBXContainerItemProxy */;
		};
/* End PBXTargetDependency section */

/* Begin PBXVariantGroup section */
		C413749225BD2ACF0093FAD7 /* Main.storyboard */ = {
			isa = PBXVariantGroup;
			children = (
				C413749325BD2ACF0093FAD7 /* Base */,
			);
			name = Main.storyboard;
			sourceTree = "<group>";
		};
		C413749725BD2AD60093FAD7 /* LaunchScreen.storyboard */ = {
			isa = PBXVariantGroup;
			children = (
				C413749825BD2AD60093FAD7 /* Base */,
			);
			name = LaunchScreen.storyboard;
			sourceTree = "<group>";
		};
/* End PBXVariantGroup section */

/* Begin XCBuildConfiguration section */
		C41374B125BD2AD80093FAD7 /* Debug */ = {
			isa = XCBuildConfiguration;
			buildSettings = {
				ALWAYS_SEARCH_USER_PATHS = NO;
				CLANG_ANALYZER_NONNULL = YES;
				CLANG_ANALYZER_NUMBER_OBJECT_CONVERSION = YES_AGGRESSIVE;
				CLANG_CXX_LANGUAGE_STANDARD = "gnu++14";
				CLANG_CXX_LIBRARY = "libc++";
				CLANG_ENABLE_MODULES = YES;
				CLANG_ENABLE_OBJC_ARC = YES;
				CLANG_ENABLE_OBJC_WEAK = YES;
				CLANG_WARN_BLOCK_CAPTURE_AUTORELEASING = YES;
				CLANG_WARN_BOOL_CONVERSION = YES;
				CLANG_WARN_COMMA = YES;
				CLANG_WARN_CONSTANT_CONVERSION = YES;
				CLANG_WARN_DEPRECATED_OBJC_IMPLEMENTATIONS = YES;
				CLANG_WARN_DIRECT_OBJC_ISA_USAGE = YES_ERROR;
				CLANG_WARN_DOCUMENTATION_COMMENTS = YES;
				CLANG_WARN_EMPTY_BODY = YES;
				CLANG_WARN_ENUM_CONVERSION = YES;
				CLANG_WARN_INFINITE_RECURSION = YES;
				CLANG_WARN_INT_CONVERSION = YES;
				CLANG_WARN_NON_LITERAL_NULL_CONVERSION = YES;
				CLANG_WARN_OBJC_IMPLICIT_RETAIN_SELF = YES;
				CLANG_WARN_OBJC_LITERAL_CONVERSION = YES;
				CLANG_WARN_OBJC_ROOT_CLASS = YES_ERROR;
				CLANG_WARN_QUOTED_INCLUDE_IN_FRAMEWORK_HEADER = YES;
				CLANG_WARN_RANGE_LOOP_ANALYSIS = YES;
				CLANG_WARN_STRICT_PROTOTYPES = YES;
				CLANG_WARN_SUSPICIOUS_MOVE = YES;
				CLANG_WARN_UNGUARDED_AVAILABILITY = YES_AGGRESSIVE;
				CLANG_WARN_UNREACHABLE_CODE = YES;
				CLANG_WARN__DUPLICATE_METHOD_MATCH = YES;
				COPY_PHASE_STRIP = NO;
				DEBUG_INFORMATION_FORMAT = dwarf;
				ENABLE_STRICT_OBJC_MSGSEND = YES;
				ENABLE_TESTABILITY = YES;
				GCC_C_LANGUAGE_STANDARD = gnu11;
				GCC_DYNAMIC_NO_PIC = NO;
				GCC_NO_COMMON_BLOCKS = YES;
				GCC_OPTIMIZATION_LEVEL = 0;
				GCC_PREPROCESSOR_DEFINITIONS = (
					"DEBUG=1",
					"$(inherited)",
				);
				GCC_WARN_64_TO_32_BIT_CONVERSION = YES;
				GCC_WARN_ABOUT_RETURN_TYPE = YES_ERROR;
				GCC_WARN_UNDECLARED_SELECTOR = YES;
				GCC_WARN_UNINITIALIZED_AUTOS = YES_AGGRESSIVE;
				GCC_WARN_UNUSED_FUNCTION = YES;
				GCC_WARN_UNUSED_VARIABLE = YES;
				IPHONEOS_DEPLOYMENT_TARGET = 14.3;
				MTL_ENABLE_DEBUG_INFO = INCLUDE_SOURCE;
				MTL_FAST_MATH = YES;
				ONLY_ACTIVE_ARCH = YES;
				SDKROOT = iphoneos;
				SWIFT_ACTIVE_COMPILATION_CONDITIONS = DEBUG;
				SWIFT_OPTIMIZATION_LEVEL = "-Onone";
			};
			name = Debug;
		};
		C41374B225BD2AD80093FAD7 /* Release */ = {
			isa = XCBuildConfiguration;
			buildSettings = {
				ALWAYS_SEARCH_USER_PATHS = NO;
				CLANG_ANALYZER_NONNULL = YES;
				CLANG_ANALYZER_NUMBER_OBJECT_CONVERSION = YES_AGGRESSIVE;
				CLANG_CXX_LANGUAGE_STANDARD = "gnu++14";
				CLANG_CXX_LIBRARY = "libc++";
				CLANG_ENABLE_MODULES = YES;
				CLANG_ENABLE_OBJC_ARC = YES;
				CLANG_ENABLE_OBJC_WEAK = YES;
				CLANG_WARN_BLOCK_CAPTURE_AUTORELEASING = YES;
				CLANG_WARN_BOOL_CONVERSION = YES;
				CLANG_WARN_COMMA = YES;
				CLANG_WARN_CONSTANT_CONVERSION = YES;
				CLANG_WARN_DEPRECATED_OBJC_IMPLEMENTATIONS = YES;
				CLANG_WARN_DIRECT_OBJC_ISA_USAGE = YES_ERROR;
				CLANG_WARN_DOCUMENTATION_COMMENTS = YES;
				CLANG_WARN_EMPTY_BODY = YES;
				CLANG_WARN_ENUM_CONVERSION = YES;
				CLANG_WARN_INFINITE_RECURSION = YES;
				CLANG_WARN_INT_CONVERSION = YES;
				CLANG_WARN_NON_LITERAL_NULL_CONVERSION = YES;
				CLANG_WARN_OBJC_IMPLICIT_RETAIN_SELF = YES;
				CLANG_WARN_OBJC_LITERAL_CONVERSION = YES;
				CLANG_WARN_OBJC_ROOT_CLASS = YES_ERROR;
				CLANG_WARN_QUOTED_INCLUDE_IN_FRAMEWORK_HEADER = YES;
				CLANG_WARN_RANGE_LOOP_ANALYSIS = YES;
				CLANG_WARN_STRICT_PROTOTYPES = YES;
				CLANG_WARN_SUSPICIOUS_MOVE = YES;
				CLANG_WARN_UNGUARDED_AVAILABILITY = YES_AGGRESSIVE;
				CLANG_WARN_UNREACHABLE_CODE = YES;
				CLANG_WARN__DUPLICATE_METHOD_MATCH = YES;
				COPY_PHASE_STRIP = NO;
				DEBUG_INFORMATION_FORMAT = "dwarf-with-dsym";
				ENABLE_NS_ASSERTIONS = NO;
				ENABLE_STRICT_OBJC_MSGSEND = YES;
				GCC_C_LANGUAGE_STANDARD = gnu11;
				GCC_NO_COMMON_BLOCKS = YES;
				GCC_WARN_64_TO_32_BIT_CONVERSION = YES;
				GCC_WARN_ABOUT_RETURN_TYPE = YES_ERROR;
				GCC_WARN_UNDECLARED_SELECTOR = YES;
				GCC_WARN_UNINITIALIZED_AUTOS = YES_AGGRESSIVE;
				GCC_WARN_UNUSED_FUNCTION = YES;
				GCC_WARN_UNUSED_VARIABLE = YES;
				IPHONEOS_DEPLOYMENT_TARGET = 14.3;
				MTL_ENABLE_DEBUG_INFO = NO;
				MTL_FAST_MATH = YES;
				SDKROOT = iphoneos;
				SWIFT_COMPILATION_MODE = wholemodule;
				SWIFT_OPTIMIZATION_LEVEL = "-O";
				VALIDATE_PRODUCT = YES;
			};
			name = Release;
		};
		C41374B425BD2AD80093FAD7 /* Debug */ = {
			isa = XCBuildConfiguration;
			buildSettings = {
				ASSETCATALOG_COMPILER_APPICON_NAME = AppIcon;
				ASSETCATALOG_COMPILER_GLOBAL_ACCENT_COLOR_NAME = AccentColor;
				CODE_SIGN_STYLE = Automatic;
				DEVELOPMENT_TEAM = DJ97D49YQP;
				INFOPLIST_FILE = Prework/Info.plist;
				LD_RUNPATH_SEARCH_PATHS = (
					"$(inherited)",
					"@executable_path/Frameworks",
				);
				PRODUCT_BUNDLE_IDENTIFIER = memo.com.Prework;
				PRODUCT_NAME = "$(TARGET_NAME)";
				SWIFT_VERSION = 5.0;
				TARGETED_DEVICE_FAMILY = "1,2";
			};
			name = Debug;
		};
		C41374B525BD2AD80093FAD7 /* Release */ = {
			isa = XCBuildConfiguration;
			buildSettings = {
				ASSETCATALOG_COMPILER_APPICON_NAME = AppIcon;
				ASSETCATALOG_COMPILER_GLOBAL_ACCENT_COLOR_NAME = AccentColor;
				CODE_SIGN_STYLE = Automatic;
				DEVELOPMENT_TEAM = DJ97D49YQP;
				INFOPLIST_FILE = Prework/Info.plist;
				LD_RUNPATH_SEARCH_PATHS = (
					"$(inherited)",
					"@executable_path/Frameworks",
				);
				PRODUCT_BUNDLE_IDENTIFIER = memo.com.Prework;
				PRODUCT_NAME = "$(TARGET_NAME)";
				SWIFT_VERSION = 5.0;
				TARGETED_DEVICE_FAMILY = "1,2";
			};
			name = Release;
		};
		C41374B725BD2AD80093FAD7 /* Debug */ = {
			isa = XCBuildConfiguration;
			buildSettings = {
				ALWAYS_EMBED_SWIFT_STANDARD_LIBRARIES = YES;
				BUNDLE_LOADER = "$(TEST_HOST)";
				CODE_SIGN_STYLE = Automatic;
				DEVELOPMENT_TEAM = DJ97D49YQP;
				INFOPLIST_FILE = PreworkTests/Info.plist;
				IPHONEOS_DEPLOYMENT_TARGET = 14.3;
				LD_RUNPATH_SEARCH_PATHS = (
					"$(inherited)",
					"@executable_path/Frameworks",
					"@loader_path/Frameworks",
				);
				PRODUCT_BUNDLE_IDENTIFIER = memo.com.PreworkTests;
				PRODUCT_NAME = "$(TARGET_NAME)";
				SWIFT_VERSION = 5.0;
				TARGETED_DEVICE_FAMILY = "1,2";
				TEST_HOST = "$(BUILT_PRODUCTS_DIR)/Prework.app/Prework";
			};
			name = Debug;
		};
		C41374B825BD2AD80093FAD7 /* Release */ = {
			isa = XCBuildConfiguration;
			buildSettings = {
				ALWAYS_EMBED_SWIFT_STANDARD_LIBRARIES = YES;
				BUNDLE_LOADER = "$(TEST_HOST)";
				CODE_SIGN_STYLE = Automatic;
				DEVELOPMENT_TEAM = DJ97D49YQP;
				INFOPLIST_FILE = PreworkTests/Info.plist;
				IPHONEOS_DEPLOYMENT_TARGET = 14.3;
				LD_RUNPATH_SEARCH_PATHS = (
					"$(inherited)",
					"@executable_path/Frameworks",
					"@loader_path/Frameworks",
				);
				PRODUCT_BUNDLE_IDENTIFIER = memo.com.PreworkTests;
				PRODUCT_NAME = "$(TARGET_NAME)";
				SWIFT_VERSION = 5.0;
				TARGETED_DEVICE_FAMILY = "1,2";
				TEST_HOST = "$(BUILT_PRODUCTS_DIR)/Prework.app/Prework";
			};
			name = Release;
		};
		C41374BA25BD2AD80093FAD7 /* Debug */ = {
			isa = XCBuildConfiguration;
			buildSettings = {
				ALWAYS_EMBED_SWIFT_STANDARD_LIBRARIES = YES;
				CODE_SIGN_STYLE = Automatic;
				DEVELOPMENT_TEAM = DJ97D49YQP;
				INFOPLIST_FILE = PreworkUITests/Info.plist;
				LD_RUNPATH_SEARCH_PATHS = (
					"$(inherited)",
					"@executable_path/Frameworks",
					"@loader_path/Frameworks",
				);
				PRODUCT_BUNDLE_IDENTIFIER = memo.com.PreworkUITests;
				PRODUCT_NAME = "$(TARGET_NAME)";
				SWIFT_VERSION = 5.0;
				TARGETED_DEVICE_FAMILY = "1,2";
				TEST_TARGET_NAME = Prework;
			};
			name = Debug;
		};
		C41374BB25BD2AD80093FAD7 /* Release */ = {
			isa = XCBuildConfiguration;
			buildSettings = {
				ALWAYS_EMBED_SWIFT_STANDARD_LIBRARIES = YES;
				CODE_SIGN_STYLE = Automatic;
				DEVELOPMENT_TEAM = DJ97D49YQP;
				INFOPLIST_FILE = PreworkUITests/Info.plist;
				LD_RUNPATH_SEARCH_PATHS = (
					"$(inherited)",
					"@executable_path/Frameworks",
					"@loader_path/Frameworks",
				);
				PRODUCT_BUNDLE_IDENTIFIER = memo.com.PreworkUITests;
				PRODUCT_NAME = "$(TARGET_NAME)";
				SWIFT_VERSION = 5.0;
				TARGETED_DEVICE_FAMILY = "1,2";
				TEST_TARGET_NAME = Prework;
			};
			name = Release;
		};
/* End XCBuildConfiguration section */

/* Begin XCConfigurationList section */
		C413748425BD2ACF0093FAD7 /* Build configuration list for PBXProject "Prework" */ = {
			isa = XCConfigurationList;
			buildConfigurations = (
				C41374B125BD2AD80093FAD7 /* Debug */,
				C41374B225BD2AD80093FAD7 /* Release */,
			);
			defaultConfigurationIsVisible = 0;
			defaultConfigurationName = Release;
		};
		C41374B325BD2AD80093FAD7 /* Build configuration list for PBXNativeTarget "Prework" */ = {
			isa = XCConfigurationList;
			buildConfigurations = (
				C41374B425BD2AD80093FAD7 /* Debug */,
				C41374B525BD2AD80093FAD7 /* Release */,
			);
			defaultConfigurationIsVisible = 0;
			defaultConfigurationName = Release;
		};
		C41374B625BD2AD80093FAD7 /* Build configuration list for PBXNativeTarget "PreworkTests" */ = {
			isa = XCConfigurationList;
			buildConfigurations = (
				C41374B725BD2AD80093FAD7 /* Debug */,
				C41374B825BD2AD80093FAD7 /* Release */,
			);
			defaultConfigurationIsVisible = 0;
			defaultConfigurationName = Release;
		};
		C41374B925BD2AD80093FAD7 /* Build configuration list for PBXNativeTarget "PreworkUITests" */ = {
			isa = XCConfigurationList;
			buildConfigurations = (
				C41374BA25BD2AD80093FAD7 /* Debug */,
				C41374BB25BD2AD80093FAD7 /* Release */,
			);
			defaultConfigurationIsVisible = 0;
			defaultConfigurationName = Release;
		};
/* End XCConfigurationList section */
	};
	rootObject = C413748125BD2ACF0093FAD7 /* Project object */;
}
